<?xml version="1.0" encoding="utf-8"?>
<Project ToolsVersion="4.0" xmlns="http://schemas.microsoft.com/developer/msbuild/2003">
  <ItemGroup>
    <Filter Include="Source Files">
      <UniqueIdentifier>{4FC737F1-C7A5-4376-A066-2A32D752A2FF}</UniqueIdentifier>
      <Extensions>qml;cpp;c;cc;cxx;def;odl;idl;hpj;bat;asm;asmx</Extensions>
    </Filter>
    <Filter Include="Header Files">
      <UniqueIdentifier>{93995380-89BD-4b04-88EB-625FBE52EBFB}</UniqueIdentifier>
      <Extensions>h;hh;hpp;hxx;hm;inl;inc;xsd</Extensions>
    </Filter>
    <Filter Include="Resource Files">
      <UniqueIdentifier>{67DA6AB6-F800-4c08-8B7A-83BB121AAD01}</UniqueIdentifier>
      <Extensions>qrc;rc;ico;cur;bmp;dlg;rc2;rct;bin;rgs;gif;jpg;jpeg;jpe;resx;tiff;tif;png;wav;mfcribbon-ms</Extensions>
    </Filter>
    <Filter Include="Form Files">
      <UniqueIdentifier>{99349809-55BA-4b9d-BF79-8FDBB0286EB3}</UniqueIdentifier>
      <Extensions>ui</Extensions>
    </Filter>
    <Filter Include="Translation Files">
      <UniqueIdentifier>{639EADAA-A684-42e4-A9AD-28FC9BCB8F7C}</UniqueIdentifier>
      <Extensions>ts</Extensions>
    </Filter>
    <Filter Include="Header Files\Data">
      <UniqueIdentifier>{3ec276e0-83dd-4eb3-857f-68ec18639ec9}</UniqueIdentifier>
    </Filter>
    <Filter Include="Source Files\Data">
      <UniqueIdentifier>{1da03e78-5c8c-4d79-a029-f50cc0f20c09}</UniqueIdentifier>
    </Filter>
    <Filter Include="Source Files\General">
      <UniqueIdentifier>{99772257-fd22-4654-8059-1adca9ea7a35}</UniqueIdentifier>
    </Filter>
    <Filter Include="Header Files\General">
      <UniqueIdentifier>{22efd2d6-fa2b-4fbc-88ec-ab0c5b366523}</UniqueIdentifier>
    </Filter>
    <Filter Include="Header Files\Helper">
      <UniqueIdentifier>{75b5d56e-cffb-408b-a27f-4761c253710b}</UniqueIdentifier>
    </Filter>
    <Filter Include="Header Files\Dialogs">
      <UniqueIdentifier>{ca9f36ec-71b4-44ec-bf4f-89ee5402389b}</UniqueIdentifier>
    </Filter>
    <Filter Include="Source Files\Dialogs">
      <UniqueIdentifier>{19e57539-ca28-4714-a49a-1303c7c83485}</UniqueIdentifier>
    </Filter>
    <Filter Include="Source Files\Widgets">
      <UniqueIdentifier>{8ac6788b-1c0c-4c0d-9def-60ff074594be}</UniqueIdentifier>
    </Filter>
    <Filter Include="Header Files\Widgets">
      <UniqueIdentifier>{1a692521-3d5c-47cd-ae49-6bccbe6dee03}</UniqueIdentifier>
    </Filter>
  </ItemGroup>
  <ItemGroup>
    <ClCompile Include="src\Champion.cpp">
      <Filter>Source Files\Data</Filter>
    </ClCompile>
    <ClCompile Include="src\Exception.cpp">
      <Filter>Source Files\General</Filter>
    </ClCompile>
    <ClCompile Include="src\LCR.cpp">
      <Filter>Source Files\General</Filter>
    </ClCompile>
    <ClCompile Include="src\main.cpp">
      <Filter>Source Files\General</Filter>
    </ClCompile>
    <ClCompile Include="src\CreateChampionDialog.cpp">
      <Filter>Source Files\Dialogs</Filter>
    </ClCompile>
    <ClCompile Include="src\Menubar.cpp">
      <Filter>Source Files\General</Filter>
    </ClCompile>
    <ClCompile Include="src\ShowChampionDialog.cpp">
      <Filter>Source Files\Dialogs</Filter>
    </ClCompile>
    <ClCompile Include="src\Dataset.cpp">
      <Filter>Source Files\Data</Filter>
    </ClCompile>
    <ClCompile Include="src\HomeScreenWidget.cpp">
      <Filter>Source Files\Widgets</Filter>
    </ClCompile>
    <ClCompile Include="src\EditChampionDialog.cpp">
      <Filter>Source Files\Dialogs</Filter>
    </ClCompile>
    <ClCompile Include="src\SettingsDialog.cpp">
      <Filter>Source Files\Dialogs</Filter>
    </ClCompile>
  </ItemGroup>
  <ItemGroup>
    <ClInclude Include="include\Champion.h">
      <Filter>Header Files\Data</Filter>
    </ClInclude>
    <ClInclude Include="include\Exception.h">
      <Filter>Header Files\General</Filter>
    </ClInclude>
    <ClInclude Include="include\JSONHelper.h">
      <Filter>Header Files\Helper</Filter>
    </ClInclude>
    <ClInclude Include="include\Dataset.h">
      <Filter>Header Files\Data</Filter>
    </ClInclude>
    <ClInclude Include="include\MyList.h">
      <Filter>Header Files\Helper</Filter>
    </ClInclude>
    <ClInclude Include="include\SettingsDialog.h">
      <Filter>Header Files\Dialogs</Filter>
    </ClInclude>
  </ItemGroup>
  <ItemGroup>
    <QtMoc Include="include\LCR.h">
      <Filter>Header Files\General</Filter>
    </QtMoc>
    <QtMoc Include="include\Menubar.h">
      <Filter>Header Files\General</Filter>
    </QtMoc>
    <QtMoc Include="include\ShowChampionDialog.h">
      <Filter>Header Files\Dialogs</Filter>
    </QtMoc>
    <QtMoc Include="include\CreateChampionDialog.h">
      <Filter>Header Files\Dialogs</Filter>
    </QtMoc>
    <QtMoc Include="include\HomeScreenWidget.h">
      <Filter>Header Files\Widgets</Filter>
    </QtMoc>
    <QtMoc Include="include\EditChampionDialog.h">
      <Filter>Header Files\Dialogs</Filter>
    </QtMoc>
  </ItemGroup>
  <ItemGroup>
    <QtRcc Include="Resource.qrc">
      <Filter>Resource Files</Filter>
    </QtRcc>
  </ItemGroup>
  <ItemGroup>
    <Image Include="LCR.ico">
      <Filter>Resource Files</Filter>
    </Image>
  </ItemGroup>
  <ItemGroup>
    <ResourceCompile Include="LCR.rc">
      <Filter>Resource Files</Filter>
    </ResourceCompile>
  </ItemGroup>
</Project>